// !$*UTF8*$!
{
	archiveVersion = 1;
	classes = {
	};
	objectVersion = 51;
	objects = {

/* Begin PBXBuildFile section */
		1244C934E9198EB45D4F4202 /* Pods_MemoApp_MemoAppUITests.framework in Frameworks */ = {isa = PBXBuildFile; fileRef = CBB23C42F97883952A73255E /* Pods_MemoApp_MemoAppUITests.framework */; };
		B0E4224F16274DF5F6072A1E /* Pods_MemoAppTests.framework in Frameworks */ = {isa = PBXBuildFile; fileRef = 318E6CA2EB9AEB89A0FD6C95 /* Pods_MemoAppTests.framework */; };
		C12EB03F25932F0C00F1E905 /* MemoDetailViewController.swift in Sources */ = {isa = PBXBuildFile; fileRef = C12EB03E25932F0C00F1E905 /* MemoDetailViewController.swift */; };
		C12EB0472593302700F1E905 /* MemoEditViewController.swift in Sources */ = {isa = PBXBuildFile; fileRef = C12EB0462593302700F1E905 /* MemoEditViewController.swift */; };
		C12EB0532593896900F1E905 /* MemoViewCell.swift in Sources */ = {isa = PBXBuildFile; fileRef = C12EB0522593896900F1E905 /* MemoViewCell.swift */; };
		C12EB06D259A307800F1E905 /* ImageViewCell.swift in Sources */ = {isa = PBXBuildFile; fileRef = C12EB06C259A307800F1E905 /* ImageViewCell.swift */; };
		C1E498302590703B00840AD7 /* AppDelegate.swift in Sources */ = {isa = PBXBuildFile; fileRef = C1E4982F2590703B00840AD7 /* AppDelegate.swift */; };
		C1E498322590703B00840AD7 /* SceneDelegate.swift in Sources */ = {isa = PBXBuildFile; fileRef = C1E498312590703B00840AD7 /* SceneDelegate.swift */; };
		C1E498342590703B00840AD7 /* MemoListViewController.swift in Sources */ = {isa = PBXBuildFile; fileRef = C1E498332590703B00840AD7 /* MemoListViewController.swift */; };
		C1E498372590703B00840AD7 /* Main.storyboard in Resources */ = {isa = PBXBuildFile; fileRef = C1E498352590703B00840AD7 /* Main.storyboard */; };
		C1E498392590704400840AD7 /* Assets.xcassets in Resources */ = {isa = PBXBuildFile; fileRef = C1E498382590704400840AD7 /* Assets.xcassets */; };
		C1E4983C2590704400840AD7 /* LaunchScreen.storyboard in Resources */ = {isa = PBXBuildFile; fileRef = C1E4983A2590704400840AD7 /* LaunchScreen.storyboard */; };
		C1E498472590704500840AD7 /* MemoAppTests.swift in Sources */ = {isa = PBXBuildFile; fileRef = C1E498462590704500840AD7 /* MemoAppTests.swift */; };
		C1E498522590704500840AD7 /* MemoAppUITests.swift in Sources */ = {isa = PBXBuildFile; fileRef = C1E498512590704500840AD7 /* MemoAppUITests.swift */; };
		DC9C3BD0168B115660C2B699 /* Pods_MemoApp.framework in Frameworks */ = {isa = PBXBuildFile; fileRef = D7911D56C59D80B2E7B454F4 /* Pods_MemoApp.framework */; };
/* End PBXBuildFile section */

/* Begin PBXContainerItemProxy section */
		C1E498432590704500840AD7 /* PBXContainerItemProxy */ = {
			isa = PBXContainerItemProxy;
			containerPortal = C1E498242590703B00840AD7 /* Project object */;
			proxyType = 1;
			remoteGlobalIDString = C1E4982B2590703B00840AD7;
			remoteInfo = MemoApp;
		};
		C1E4984E2590704500840AD7 /* PBXContainerItemProxy */ = {
			isa = PBXContainerItemProxy;
			containerPortal = C1E498242590703B00840AD7 /* Project object */;
			proxyType = 1;
			remoteGlobalIDString = C1E4982B2590703B00840AD7;
			remoteInfo = MemoApp;
		};
/* End PBXContainerItemProxy section */

/* Begin PBXFileReference section */
		08F5628B80B21F7E2FDE9465 /* Pods-MemoAppTests.debug.xcconfig */ = {isa = PBXFileReference; includeInIndex = 1; lastKnownFileType = text.xcconfig; name = "Pods-MemoAppTests.debug.xcconfig"; path = "Target Support Files/Pods-MemoAppTests/Pods-MemoAppTests.debug.xcconfig"; sourceTree = "<group>"; };
		21170965B60931B0AD07E93A /* Pods-MemoApp-MemoAppUITests.debug.xcconfig */ = {isa = PBXFileReference; includeInIndex = 1; lastKnownFileType = text.xcconfig; name = "Pods-MemoApp-MemoAppUITests.debug.xcconfig"; path = "Target Support Files/Pods-MemoApp-MemoAppUITests/Pods-MemoApp-MemoAppUITests.debug.xcconfig"; sourceTree = "<group>"; };
		2C191B8C27EBE113C15B750B /* Pods-MemoApp.debug.xcconfig */ = {isa = PBXFileReference; includeInIndex = 1; lastKnownFileType = text.xcconfig; name = "Pods-MemoApp.debug.xcconfig"; path = "Target Support Files/Pods-MemoApp/Pods-MemoApp.debug.xcconfig"; sourceTree = "<group>"; };
		318E6CA2EB9AEB89A0FD6C95 /* Pods_MemoAppTests.framework */ = {isa = PBXFileReference; explicitFileType = wrapper.framework; includeInIndex = 0; path = Pods_MemoAppTests.framework; sourceTree = BUILT_PRODUCTS_DIR; };
		58AFBFFF330889F42A07113C /* Pods-MemoAppTests.release.xcconfig */ = {isa = PBXFileReference; includeInIndex = 1; lastKnownFileType = text.xcconfig; name = "Pods-MemoAppTests.release.xcconfig"; path = "Target Support Files/Pods-MemoAppTests/Pods-MemoAppTests.release.xcconfig"; sourceTree = "<group>"; };
		93B299080E58C8BD3B62DA6B /* Pods-MemoApp-MemoAppUITests.release.xcconfig */ = {isa = PBXFileReference; includeInIndex = 1; lastKnownFileType = text.xcconfig; name = "Pods-MemoApp-MemoAppUITests.release.xcconfig"; path = "Target Support Files/Pods-MemoApp-MemoAppUITests/Pods-MemoApp-MemoAppUITests.release.xcconfig"; sourceTree = "<group>"; };
		C12EB03E25932F0C00F1E905 /* MemoDetailViewController.swift */ = {isa = PBXFileReference; lastKnownFileType = sourcecode.swift; path = MemoDetailViewController.swift; sourceTree = "<group>"; };
		C12EB0462593302700F1E905 /* MemoEditViewController.swift */ = {isa = PBXFileReference; lastKnownFileType = sourcecode.swift; path = MemoEditViewController.swift; sourceTree = "<group>"; };
		C12EB0522593896900F1E905 /* MemoViewCell.swift */ = {isa = PBXFileReference; lastKnownFileType = sourcecode.swift; path = MemoViewCell.swift; sourceTree = "<group>"; };
		C12EB06C259A307800F1E905 /* ImageViewCell.swift */ = {isa = PBXFileReference; lastKnownFileType = sourcecode.swift; path = ImageViewCell.swift; sourceTree = "<group>"; };
		C1E4982C2590703B00840AD7 /* MemoApp.app */ = {isa = PBXFileReference; explicitFileType = wrapper.application; includeInIndex = 0; path = MemoApp.app; sourceTree = BUILT_PRODUCTS_DIR; };
		C1E4982F2590703B00840AD7 /* AppDelegate.swift */ = {isa = PBXFileReference; lastKnownFileType = sourcecode.swift; path = AppDelegate.swift; sourceTree = "<group>"; };
		C1E498312590703B00840AD7 /* SceneDelegate.swift */ = {isa = PBXFileReference; lastKnownFileType = sourcecode.swift; path = SceneDelegate.swift; sourceTree = "<group>"; };
		C1E498332590703B00840AD7 /* MemoListViewController.swift */ = {isa = PBXFileReference; lastKnownFileType = sourcecode.swift; path = MemoListViewController.swift; sourceTree = "<group>"; };
		C1E498362590703B00840AD7 /* Base */ = {isa = PBXFileReference; lastKnownFileType = file.storyboard; name = Base; path = Base.lproj/Main.storyboard; sourceTree = "<group>"; };
		C1E498382590704400840AD7 /* Assets.xcassets */ = {isa = PBXFileReference; lastKnownFileType = folder.assetcatalog; path = Assets.xcassets; sourceTree = "<group>"; };
		C1E4983B2590704400840AD7 /* Base */ = {isa = PBXFileReference; lastKnownFileType = file.storyboard; name = Base; path = Base.lproj/LaunchScreen.storyboard; sourceTree = "<group>"; };
		C1E4983D2590704400840AD7 /* Info.plist */ = {isa = PBXFileReference; lastKnownFileType = text.plist.xml; path = Info.plist; sourceTree = "<group>"; };
		C1E498422590704500840AD7 /* MemoAppTests.xctest */ = {isa = PBXFileReference; explicitFileType = wrapper.cfbundle; includeInIndex = 0; path = MemoAppTests.xctest; sourceTree = BUILT_PRODUCTS_DIR; };
		C1E498462590704500840AD7 /* MemoAppTests.swift */ = {isa = PBXFileReference; lastKnownFileType = sourcecode.swift; path = MemoAppTests.swift; sourceTree = "<group>"; };
		C1E498482590704500840AD7 /* Info.plist */ = {isa = PBXFileReference; lastKnownFileType = text.plist.xml; path = Info.plist; sourceTree = "<group>"; };
		C1E4984D2590704500840AD7 /* MemoAppUITests.xctest */ = {isa = PBXFileReference; explicitFileType = wrapper.cfbundle; includeInIndex = 0; path = MemoAppUITests.xctest; sourceTree = BUILT_PRODUCTS_DIR; };
		C1E498512590704500840AD7 /* MemoAppUITests.swift */ = {isa = PBXFileReference; lastKnownFileType = sourcecode.swift; path = MemoAppUITests.swift; sourceTree = "<group>"; };
		C1E498532590704500840AD7 /* Info.plist */ = {isa = PBXFileReference; lastKnownFileType = text.plist.xml; path = Info.plist; sourceTree = "<group>"; };
		CBB23C42F97883952A73255E /* Pods_MemoApp_MemoAppUITests.framework */ = {isa = PBXFileReference; explicitFileType = wrapper.framework; includeInIndex = 0; path = Pods_MemoApp_MemoAppUITests.framework; sourceTree = BUILT_PRODUCTS_DIR; };
		CF5EA487EAC498380DBFAF2F /* Pods-MemoApp.release.xcconfig */ = {isa = PBXFileReference; includeInIndex = 1; lastKnownFileType = text.xcconfig; name = "Pods-MemoApp.release.xcconfig"; path = "Target Support Files/Pods-MemoApp/Pods-MemoApp.release.xcconfig"; sourceTree = "<group>"; };
		D7911D56C59D80B2E7B454F4 /* Pods_MemoApp.framework */ = {isa = PBXFileReference; explicitFileType = wrapper.framework; includeInIndex = 0; path = Pods_MemoApp.framework; sourceTree = BUILT_PRODUCTS_DIR; };
/* End PBXFileReference section */

/* Begin PBXFrameworksBuildPhase section */
		C1E498292590703B00840AD7 /* Frameworks */ = {
			isa = PBXFrameworksBuildPhase;
			buildActionMask = 2147483647;
			files = (
				DC9C3BD0168B115660C2B699 /* Pods_MemoApp.framework in Frameworks */,
			);
			runOnlyForDeploymentPostprocessing = 0;
		};
		C1E4983F2590704500840AD7 /* Frameworks */ = {
			isa = PBXFrameworksBuildPhase;
			buildActionMask = 2147483647;
			files = (
				B0E4224F16274DF5F6072A1E /* Pods_MemoAppTests.framework in Frameworks */,
			);
			runOnlyForDeploymentPostprocessing = 0;
		};
		C1E4984A2590704500840AD7 /* Frameworks */ = {
			isa = PBXFrameworksBuildPhase;
			buildActionMask = 2147483647;
			files = (
				1244C934E9198EB45D4F4202 /* Pods_MemoApp_MemoAppUITests.framework in Frameworks */,
			);
			runOnlyForDeploymentPostprocessing = 0;
		};
/* End PBXFrameworksBuildPhase section */

/* Begin PBXGroup section */
		9A91935D7B330E8844CC234E /* Frameworks */ = {
			isa = PBXGroup;
			children = (
				D7911D56C59D80B2E7B454F4 /* Pods_MemoApp.framework */,
				CBB23C42F97883952A73255E /* Pods_MemoApp_MemoAppUITests.framework */,
				318E6CA2EB9AEB89A0FD6C95 /* Pods_MemoAppTests.framework */,
			);
			name = Frameworks;
			sourceTree = "<group>";
		};
		C12EB04C2593882000F1E905 /* layout */ = {
			isa = PBXGroup;
			children = (
				C12EB0512593892900F1E905 /* cell */,
				C12EB0502593891F00F1E905 /* vc */,
			);
			path = layout;
			sourceTree = "<group>";
		};
		C12EB0502593891F00F1E905 /* vc */ = {
			isa = PBXGroup;
			children = (
				C1E498332590703B00840AD7 /* MemoListViewController.swift */,
				C12EB03E25932F0C00F1E905 /* MemoDetailViewController.swift */,
				C12EB0462593302700F1E905 /* MemoEditViewController.swift */,
			);
			path = vc;
			sourceTree = "<group>";
		};
		C12EB0512593892900F1E905 /* cell */ = {
			isa = PBXGroup;
			children = (
				C12EB0522593896900F1E905 /* MemoViewCell.swift */,
				C12EB06C259A307800F1E905 /* ImageViewCell.swift */,
			);
			path = cell;
			sourceTree = "<group>";
		};
		C1E498232590703B00840AD7 = {
			isa = PBXGroup;
			children = (
				C1E4982E2590703B00840AD7 /* MemoApp */,
				C1E498452590704500840AD7 /* MemoAppTests */,
				C1E498502590704500840AD7 /* MemoAppUITests */,
				C1E4982D2590703B00840AD7 /* Products */,
				E0A086C1C8616298F4CCEEBE /* Pods */,
				9A91935D7B330E8844CC234E /* Frameworks */,
			);
			sourceTree = "<group>";
		};
		C1E4982D2590703B00840AD7 /* Products */ = {
			isa = PBXGroup;
			children = (
				C1E4982C2590703B00840AD7 /* MemoApp.app */,
				C1E498422590704500840AD7 /* MemoAppTests.xctest */,
				C1E4984D2590704500840AD7 /* MemoAppUITests.xctest */,
			);
			name = Products;
			sourceTree = "<group>";
		};
		C1E4982E2590703B00840AD7 /* MemoApp */ = {
			isa = PBXGroup;
			children = (
				C12EB04C2593882000F1E905 /* layout */,
				C1E4982F2590703B00840AD7 /* AppDelegate.swift */,
				C1E498312590703B00840AD7 /* SceneDelegate.swift */,
				C1E498352590703B00840AD7 /* Main.storyboard */,
				C1E498382590704400840AD7 /* Assets.xcassets */,
				C1E4983A2590704400840AD7 /* LaunchScreen.storyboard */,
				C1E4983D2590704400840AD7 /* Info.plist */,
			);
			path = MemoApp;
			sourceTree = "<group>";
		};
		C1E498452590704500840AD7 /* MemoAppTests */ = {
			isa = PBXGroup;
			children = (
				C1E498462590704500840AD7 /* MemoAppTests.swift */,
				C1E498482590704500840AD7 /* Info.plist */,
			);
			path = MemoAppTests;
			sourceTree = "<group>";
		};
		C1E498502590704500840AD7 /* MemoAppUITests */ = {
			isa = PBXGroup;
			children = (
				C1E498512590704500840AD7 /* MemoAppUITests.swift */,
				C1E498532590704500840AD7 /* Info.plist */,
			);
			path = MemoAppUITests;
			sourceTree = "<group>";
		};
		E0A086C1C8616298F4CCEEBE /* Pods */ = {
			isa = PBXGroup;
			children = (
				2C191B8C27EBE113C15B750B /* Pods-MemoApp.debug.xcconfig */,
				CF5EA487EAC498380DBFAF2F /* Pods-MemoApp.release.xcconfig */,
				21170965B60931B0AD07E93A /* Pods-MemoApp-MemoAppUITests.debug.xcconfig */,
				93B299080E58C8BD3B62DA6B /* Pods-MemoApp-MemoAppUITests.release.xcconfig */,
				08F5628B80B21F7E2FDE9465 /* Pods-MemoAppTests.debug.xcconfig */,
				58AFBFFF330889F42A07113C /* Pods-MemoAppTests.release.xcconfig */,
			);
			path = Pods;
			sourceTree = "<group>";
		};
/* End PBXGroup section */

/* Begin PBXNativeTarget section */
		C1E4982B2590703B00840AD7 /* MemoApp */ = {
			isa = PBXNativeTarget;
			buildConfigurationList = C1E498562590704500840AD7 /* Build configuration list for PBXNativeTarget "MemoApp" */;
			buildPhases = (
				C9AD9FF47CB0FBA58A47DE1E /* [CP] Check Pods Manifest.lock */,
				C1E498282590703B00840AD7 /* Sources */,
				C1E498292590703B00840AD7 /* Frameworks */,
				C1E4982A2590703B00840AD7 /* Resources */,
				B631594889EFB73259424F0B /* [CP] Embed Pods Frameworks */,
			);
			buildRules = (
			);
			dependencies = (
			);
			name = MemoApp;
			productName = MemoApp;
			productReference = C1E4982C2590703B00840AD7 /* MemoApp.app */;
			productType = "com.apple.product-type.application";
		};
		C1E498412590704500840AD7 /* MemoAppTests */ = {
			isa = PBXNativeTarget;
			buildConfigurationList = C1E498592590704500840AD7 /* Build configuration list for PBXNativeTarget "MemoAppTests" */;
			buildPhases = (
				03010ACE7F4CA83BA348FA4B /* [CP] Check Pods Manifest.lock */,
				C1E4983E2590704500840AD7 /* Sources */,
				C1E4983F2590704500840AD7 /* Frameworks */,
				C1E498402590704500840AD7 /* Resources */,
			);
			buildRules = (
			);
			dependencies = (
				C1E498442590704500840AD7 /* PBXTargetDependency */,
			);
			name = MemoAppTests;
			productName = MemoAppTests;
			productReference = C1E498422590704500840AD7 /* MemoAppTests.xctest */;
			productType = "com.apple.product-type.bundle.unit-test";
		};
		C1E4984C2590704500840AD7 /* MemoAppUITests */ = {
			isa = PBXNativeTarget;
			buildConfigurationList = C1E4985C2590704500840AD7 /* Build configuration list for PBXNativeTarget "MemoAppUITests" */;
			buildPhases = (
				95938CDF73771839504A8829 /* [CP] Check Pods Manifest.lock */,
				C1E498492590704500840AD7 /* Sources */,
				C1E4984A2590704500840AD7 /* Frameworks */,
				C1E4984B2590704500840AD7 /* Resources */,
				6632A33573DB212D4B04ABEB /* [CP] Embed Pods Frameworks */,
			);
			buildRules = (
			);
			dependencies = (
				C1E4984F2590704500840AD7 /* PBXTargetDependency */,
			);
			name = MemoAppUITests;
			productName = MemoAppUITests;
			productReference = C1E4984D2590704500840AD7 /* MemoAppUITests.xctest */;
			productType = "com.apple.product-type.bundle.ui-testing";
		};
/* End PBXNativeTarget section */

/* Begin PBXProject section */
		C1E498242590703B00840AD7 /* Project object */ = {
			isa = PBXProject;
			attributes = {
				LastSwiftUpdateCheck = 1220;
				LastUpgradeCheck = 1220;
				TargetAttributes = {
					C1E4982B2590703B00840AD7 = {
						CreatedOnToolsVersion = 12.2;
					};
					C1E498412590704500840AD7 = {
						CreatedOnToolsVersion = 12.2;
						TestTargetID = C1E4982B2590703B00840AD7;
					};
					C1E4984C2590704500840AD7 = {
						CreatedOnToolsVersion = 12.2;
						TestTargetID = C1E4982B2590703B00840AD7;
					};
				};
			};
			buildConfigurationList = C1E498272590703B00840AD7 /* Build configuration list for PBXProject "MemoApp" */;
			compatibilityVersion = "Xcode 9.3";
			developmentRegion = en;
			hasScannedForEncodings = 0;
			knownRegions = (
				en,
				Base,
			);
			mainGroup = C1E498232590703B00840AD7;
			productRefGroup = C1E4982D2590703B00840AD7 /* Products */;
			projectDirPath = "";
			projectRoot = "";
			targets = (
				C1E4982B2590703B00840AD7 /* MemoApp */,
				C1E498412590704500840AD7 /* MemoAppTests */,
				C1E4984C2590704500840AD7 /* MemoAppUITests */,
			);
		};
/* End PBXProject section */

/* Begin PBXResourcesBuildPhase section */
		C1E4982A2590703B00840AD7 /* Resources */ = {
			isa = PBXResourcesBuildPhase;
			buildActionMask = 2147483647;
			files = (
				C1E4983C2590704400840AD7 /* LaunchScreen.storyboard in Resources */,
				C1E498392590704400840AD7 /* Assets.xcassets in Resources */,
				C1E498372590703B00840AD7 /* Main.storyboard in Resources */,
			);
			runOnlyForDeploymentPostprocessing = 0;
		};
		C1E498402590704500840AD7 /* Resources */ = {
			isa = PBXResourcesBuildPhase;
			buildActionMask = 2147483647;
			files = (
			);
			runOnlyForDeploymentPostprocessing = 0;
		};
		C1E4984B2590704500840AD7 /* Resources */ = {
			isa = PBXResourcesBuildPhase;
			buildActionMask = 2147483647;
			files = (
			);
			runOnlyForDeploymentPostprocessing = 0;
		};
/* End PBXResourcesBuildPhase section */

/* Begin PBXShellScriptBuildPhase section */
		03010ACE7F4CA83BA348FA4B /* [CP] Check Pods Manifest.lock */ = {
			isa = PBXShellScriptBuildPhase;
			buildActionMask = 2147483647;
			files = (
			);
			inputFileListPaths = (
			);
			inputPaths = (
				"${PODS_PODFILE_DIR_PATH}/Podfile.lock",
				"${PODS_ROOT}/Manifest.lock",
			);
			name = "[CP] Check Pods Manifest.lock";
			outputFileListPaths = (
			);
			outputPaths = (
				"$(DERIVED_FILE_DIR)/Pods-MemoAppTests-checkManifestLockResult.txt",
			);
			runOnlyForDeploymentPostprocessing = 0;
			shellPath = /bin/sh;
			shellScript = "diff \"${PODS_PODFILE_DIR_PATH}/Podfile.lock\" \"${PODS_ROOT}/Manifest.lock\" > /dev/null\nif [ $? != 0 ] ; then\n    # print error to STDERR\n    echo \"error: The sandbox is not in sync with the Podfile.lock. Run 'pod install' or update your CocoaPods installation.\" >&2\n    exit 1\nfi\n# This output is used by Xcode 'outputs' to avoid re-running this script phase.\necho \"SUCCESS\" > \"${SCRIPT_OUTPUT_FILE_0}\"\n";
			showEnvVarsInLog = 0;
		};
		6632A33573DB212D4B04ABEB /* [CP] Embed Pods Frameworks */ = {
			isa = PBXShellScriptBuildPhase;
			buildActionMask = 2147483647;
			files = (
			);
			inputFileListPaths = (
				"${PODS_ROOT}/Target Support Files/Pods-MemoApp-MemoAppUITests/Pods-MemoApp-MemoAppUITests-frameworks-${CONFIGURATION}-input-files.xcfilelist",
			);
			name = "[CP] Embed Pods Frameworks";
			outputFileListPaths = (
				"${PODS_ROOT}/Target Support Files/Pods-MemoApp-MemoAppUITests/Pods-MemoApp-MemoAppUITests-frameworks-${CONFIGURATION}-output-files.xcfilelist",
			);
			runOnlyForDeploymentPostprocessing = 0;
			shellPath = /bin/sh;
			shellScript = "\"${PODS_ROOT}/Target Support Files/Pods-MemoApp-MemoAppUITests/Pods-MemoApp-MemoAppUITests-frameworks.sh\"\n";
			showEnvVarsInLog = 0;
		};
		95938CDF73771839504A8829 /* [CP] Check Pods Manifest.lock */ = {
			isa = PBXShellScriptBuildPhase;
			buildActionMask = 2147483647;
			files = (
			);
			inputFileListPaths = (
			);
			inputPaths = (
				"${PODS_PODFILE_DIR_PATH}/Podfile.lock",
				"${PODS_ROOT}/Manifest.lock",
			);
			name = "[CP] Check Pods Manifest.lock";
			outputFileListPaths = (
			);
			outputPaths = (
				"$(DERIVED_FILE_DIR)/Pods-MemoApp-MemoAppUITests-checkManifestLockResult.txt",
			);
			runOnlyForDeploymentPostprocessing = 0;
			shellPath = /bin/sh;
			shellScript = "diff \"${PODS_PODFILE_DIR_PATH}/Podfile.lock\" \"${PODS_ROOT}/Manifest.lock\" > /dev/null\nif [ $? != 0 ] ; then\n    # print error to STDERR\n    echo \"error: The sandbox is not in sync with the Podfile.lock. Run 'pod install' or update your CocoaPods installation.\" >&2\n    exit 1\nfi\n# This output is used by Xcode 'outputs' to avoid re-running this script phase.\necho \"SUCCESS\" > \"${SCRIPT_OUTPUT_FILE_0}\"\n";
			showEnvVarsInLog = 0;
		};
		B631594889EFB73259424F0B /* [CP] Embed Pods Frameworks */ = {
			isa = PBXShellScriptBuildPhase;
			buildActionMask = 2147483647;
			files = (
			);
			inputFileListPaths = (
				"${PODS_ROOT}/Target Support Files/Pods-MemoApp/Pods-MemoApp-frameworks-${CONFIGURATION}-input-files.xcfilelist",
			);
			name = "[CP] Embed Pods Frameworks";
			outputFileListPaths = (
				"${PODS_ROOT}/Target Support Files/Pods-MemoApp/Pods-MemoApp-frameworks-${CONFIGURATION}-output-files.xcfilelist",
			);
			runOnlyForDeploymentPostprocessing = 0;
			shellPath = /bin/sh;
			shellScript = "\"${PODS_ROOT}/Target Support Files/Pods-MemoApp/Pods-MemoApp-frameworks.sh\"\n";
			showEnvVarsInLog = 0;
		};
		C9AD9FF47CB0FBA58A47DE1E /* [CP] Check Pods Manifest.lock */ = {
			isa = PBXShellScriptBuildPhase;
			buildActionMask = 2147483647;
			files = (
			);
			inputFileListPaths = (
			);
			inputPaths = (
				"${PODS_PODFILE_DIR_PATH}/Podfile.lock",
				"${PODS_ROOT}/Manifest.lock",
			);
			name = "[CP] Check Pods Manifest.lock";
			outputFileListPaths = (
			);
			outputPaths = (
				"$(DERIVED_FILE_DIR)/Pods-MemoApp-checkManifestLockResult.txt",
			);
			runOnlyForDeploymentPostprocessing = 0;
			shellPath = /bin/sh;
			shellScript = "diff \"${PODS_PODFILE_DIR_PATH}/Podfile.lock\" \"${PODS_ROOT}/Manifest.lock\" > /dev/null\nif [ $? != 0 ] ; then\n    # print error to STDERR\n    echo \"error: The sandbox is not in sync with the Podfile.lock. Run 'pod install' or update your CocoaPods installation.\" >&2\n    exit 1\nfi\n# This output is used by Xcode 'outputs' to avoid re-running this script phase.\necho \"SUCCESS\" > \"${SCRIPT_OUTPUT_FILE_0}\"\n";
			showEnvVarsInLog = 0;
		};
/* End PBXShellScriptBuildPhase section */

/* Begin PBXSourcesBuildPhase section */
		C1E498282590703B00840AD7 /* Sources */ = {
			isa = PBXSourcesBuildPhase;
			buildActionMask = 2147483647;
			files = (
				C1E498342590703B00840AD7 /* MemoListViewController.swift in Sources */,
				C12EB06D259A307800F1E905 /* ImageViewCell.swift in Sources */,
				C12EB0472593302700F1E905 /* MemoEditViewController.swift in Sources */,
				C12EB03F25932F0C00F1E905 /* MemoDetailViewController.swift in Sources */,
				C1E498302590703B00840AD7 /* AppDelegate.swift in Sources */,
				C12EB0532593896900F1E905 /* MemoViewCell.swift in Sources */,
				C1E498322590703B00840AD7 /* SceneDelegate.swift in Sources */,
			);
			runOnlyForDeploymentPostprocessing = 0;
		};
		C1E4983E2590704500840AD7 /* Sources */ = {
			isa = PBXSourcesBuildPhase;
			buildActionMask = 2147483647;
			files = (
				C1E498472590704500840AD7 /* MemoAppTests.swift in Sources */,
			);
			runOnlyForDeploymentPostprocessing = 0;
		};
		C1E498492590704500840AD7 /* Sources */ = {
			isa = PBXSourcesBuildPhase;
			buildActionMask = 2147483647;
			files = (
				C1E498522590704500840AD7 /* MemoAppUITests.swift in Sources */,
			);
			runOnlyForDeploymentPostprocessing = 0;
		};
/* End PBXSourcesBuildPhase section */

/* Begin PBXTargetDependency section */
		C1E498442590704500840AD7 /* PBXTargetDependency */ = {
			isa = PBXTargetDependency;
			target = C1E4982B2590703B00840AD7 /* MemoApp */;
			targetProxy = C1E498432590704500840AD7 /* PBXContainerItemProxy */;
		};
		C1E4984F2590704500840AD7 /* PBXTargetDependency */ = {
			isa = PBXTargetDependency;
			target = C1E4982B2590703B00840AD7 /* MemoApp */;
			targetProxy = C1E4984E2590704500840AD7 /* PBXContainerItemProxy */;
		};
/* End PBXTargetDependency section */

/* Begin PBXVariantGroup section */
		C1E498352590703B00840AD7 /* Main.storyboard */ = {
			isa = PBXVariantGroup;
			children = (
				C1E498362590703B00840AD7 /* Base */,
			);
			name = Main.storyboard;
			sourceTree = "<group>";
		};
		C1E4983A2590704400840AD7 /* LaunchScreen.storyboard */ = {
			isa = PBXVariantGroup;
			children = (
				C1E4983B2590704400840AD7 /* Base */,
			);
			name = LaunchScreen.storyboard;
			sourceTree = "<group>";
		};
/* End PBXVariantGroup section */

/* Begin XCBuildConfiguration section */
		C1E498542590704500840AD7 /* Debug */ = {
			isa = XCBuildConfiguration;
			buildSettings = {
				ALWAYS_SEARCH_USER_PATHS = NO;
				CLANG_ANALYZER_NONNULL = YES;
				CLANG_ANALYZER_NUMBER_OBJECT_CONVERSION = YES_AGGRESSIVE;
				CLANG_CXX_LANGUAGE_STANDARD = "gnu++14";
				CLANG_CXX_LIBRARY = "libc++";
				CLANG_ENABLE_MODULES = YES;
				CLANG_ENABLE_OBJC_ARC = YES;
				CLANG_ENABLE_OBJC_WEAK = YES;
				CLANG_WARN_BLOCK_CAPTURE_AUTORELEASING = YES;
				CLANG_WARN_BOOL_CONVERSION = YES;
				CLANG_WARN_COMMA = YES;
				CLANG_WARN_CONSTANT_CONVERSION = YES;
				CLANG_WARN_DEPRECATED_OBJC_IMPLEMENTATIONS = YES;
				CLANG_WARN_DIRECT_OBJC_ISA_USAGE = YES_ERROR;
				CLANG_WARN_DOCUMENTATION_COMMENTS = YES;
				CLANG_WARN_EMPTY_BODY = YES;
				CLANG_WARN_ENUM_CONVERSION = YES;
				CLANG_WARN_INFINITE_RECURSION = YES;
				CLANG_WARN_INT_CONVERSION = YES;
				CLANG_WARN_NON_LITERAL_NULL_CONVERSION = YES;
				CLANG_WARN_OBJC_IMPLICIT_RETAIN_SELF = YES;
				CLANG_WARN_OBJC_LITERAL_CONVERSION = YES;
				CLANG_WARN_OBJC_ROOT_CLASS = YES_ERROR;
				CLANG_WARN_QUOTED_INCLUDE_IN_FRAMEWORK_HEADER = YES;
				CLANG_WARN_RANGE_LOOP_ANALYSIS = YES;
				CLANG_WARN_STRICT_PROTOTYPES = YES;
				CLANG_WARN_SUSPICIOUS_MOVE = YES;
				CLANG_WARN_UNGUARDED_AVAILABILITY = YES_AGGRESSIVE;
				CLANG_WARN_UNREACHABLE_CODE = YES;
				CLANG_WARN__DUPLICATE_METHOD_MATCH = YES;
				COPY_PHASE_STRIP = NO;
				DEBUG_INFORMATION_FORMAT = dwarf;
				ENABLE_STRICT_OBJC_MSGSEND = YES;
				ENABLE_TESTABILITY = YES;
				GCC_C_LANGUAGE_STANDARD = gnu11;
				GCC_DYNAMIC_NO_PIC = NO;
				GCC_NO_COMMON_BLOCKS = YES;
				GCC_OPTIMIZATION_LEVEL = 0;
				GCC_PREPROCESSOR_DEFINITIONS = (
					"DEBUG=1",
					"$(inherited)",
				);
				GCC_WARN_64_TO_32_BIT_CONVERSION = YES;
				GCC_WARN_ABOUT_RETURN_TYPE = YES_ERROR;
				GCC_WARN_UNDECLARED_SELECTOR = YES;
				GCC_WARN_UNINITIALIZED_AUTOS = YES_AGGRESSIVE;
				GCC_WARN_UNUSED_FUNCTION = YES;
				GCC_WARN_UNUSED_VARIABLE = YES;
				IPHONEOS_DEPLOYMENT_TARGET = 14.2;
				MTL_ENABLE_DEBUG_INFO = INCLUDE_SOURCE;
				MTL_FAST_MATH = YES;
				ONLY_ACTIVE_ARCH = YES;
				SDKROOT = iphoneos;
				SWIFT_ACTIVE_COMPILATION_CONDITIONS = DEBUG;
				SWIFT_OPTIMIZATION_LEVEL = "-Onone";
			};
			name = Debug;
		};
		C1E498552590704500840AD7 /* Release */ = {
			isa = XCBuildConfiguration;
			buildSettings = {
				ALWAYS_SEARCH_USER_PATHS = NO;
				CLANG_ANALYZER_NONNULL = YES;
				CLANG_ANALYZER_NUMBER_OBJECT_CONVERSION = YES_AGGRESSIVE;
				CLANG_CXX_LANGUAGE_STANDARD = "gnu++14";
				CLANG_CXX_LIBRARY = "libc++";
				CLANG_ENABLE_MODULES = YES;
				CLANG_ENABLE_OBJC_ARC = YES;
				CLANG_ENABLE_OBJC_WEAK = YES;
				CLANG_WARN_BLOCK_CAPTURE_AUTORELEASING = YES;
				CLANG_WARN_BOOL_CONVERSION = YES;
				CLANG_WARN_COMMA = YES;
				CLANG_WARN_CONSTANT_CONVERSION = YES;
				CLANG_WARN_DEPRECATED_OBJC_IMPLEMENTATIONS = YES;
				CLANG_WARN_DIRECT_OBJC_ISA_USAGE = YES_ERROR;
				CLANG_WARN_DOCUMENTATION_COMMENTS = YES;
				CLANG_WARN_EMPTY_BODY = YES;
				CLANG_WARN_ENUM_CONVERSION = YES;
				CLANG_WARN_INFINITE_RECURSION = YES;
				CLANG_WARN_INT_CONVERSION = YES;
				CLANG_WARN_NON_LITERAL_NULL_CONVERSION = YES;
				CLANG_WARN_OBJC_IMPLICIT_RETAIN_SELF = YES;
				CLANG_WARN_OBJC_LITERAL_CONVERSION = YES;
				CLANG_WARN_OBJC_ROOT_CLASS = YES_ERROR;
				CLANG_WARN_QUOTED_INCLUDE_IN_FRAMEWORK_HEADER = YES;
				CLANG_WARN_RANGE_LOOP_ANALYSIS = YES;
				CLANG_WARN_STRICT_PROTOTYPES = YES;
				CLANG_WARN_SUSPICIOUS_MOVE = YES;
				CLANG_WARN_UNGUARDED_AVAILABILITY = YES_AGGRESSIVE;
				CLANG_WARN_UNREACHABLE_CODE = YES;
				CLANG_WARN__DUPLICATE_METHOD_MATCH = YES;
				COPY_PHASE_STRIP = NO;
				DEBUG_INFORMATION_FORMAT = "dwarf-with-dsym";
				ENABLE_NS_ASSERTIONS = NO;
				ENABLE_STRICT_OBJC_MSGSEND = YES;
				GCC_C_LANGUAGE_STANDARD = gnu11;
				GCC_NO_COMMON_BLOCKS = YES;
				GCC_WARN_64_TO_32_BIT_CONVERSION = YES;
				GCC_WARN_ABOUT_RETURN_TYPE = YES_ERROR;
				GCC_WARN_UNDECLARED_SELECTOR = YES;
				GCC_WARN_UNINITIALIZED_AUTOS = YES_AGGRESSIVE;
				GCC_WARN_UNUSED_FUNCTION = YES;
				GCC_WARN_UNUSED_VARIABLE = YES;
				IPHONEOS_DEPLOYMENT_TARGET = 14.2;
				MTL_ENABLE_DEBUG_INFO = NO;
				MTL_FAST_MATH = YES;
				SDKROOT = iphoneos;
				SWIFT_COMPILATION_MODE = wholemodule;
				SWIFT_OPTIMIZATION_LEVEL = "-O";
				VALIDATE_PRODUCT = YES;
			};
			name = Release;
		};
		C1E498572590704500840AD7 /* Debug */ = {
			isa = XCBuildConfiguration;
			baseConfigurationReference = 2C191B8C27EBE113C15B750B /* Pods-MemoApp.debug.xcconfig */;
			buildSettings = {
				ASSETCATALOG_COMPILER_APPICON_NAME = AppIcon;
				ASSETCATALOG_COMPILER_GLOBAL_ACCENT_COLOR_NAME = AccentColor;
				CODE_SIGN_STYLE = Automatic;
				CURRENT_PROJECT_VERSION = 1.0;
				INFOPLIST_FILE = MemoApp/Info.plist;
				LD_RUNPATH_SEARCH_PATHS = (
					"$(inherited)",
					"@executable_path/Frameworks",
				);
				PRODUCT_BUNDLE_IDENTIFIER = jongwonleee.MemoApp;
				PRODUCT_NAME = "$(TARGET_NAME)";
				SWIFT_VERSION = 5.0;
				TARGETED_DEVICE_FAMILY = "1,2";
			};
			name = Debug;
		};
		C1E498582590704500840AD7 /* Release */ = {
			isa = XCBuildConfiguration;
			baseConfigurationReference = CF5EA487EAC498380DBFAF2F /* Pods-MemoApp.release.xcconfig */;
			buildSettings = {
				ASSETCATALOG_COMPILER_APPICON_NAME = AppIcon;
				ASSETCATALOG_COMPILER_GLOBAL_ACCENT_COLOR_NAME = AccentColor;
				CODE_SIGN_STYLE = Automatic;
				CURRENT_PROJECT_VERSION = 1.0;
				INFOPLIST_FILE = MemoApp/Info.plist;
				LD_RUNPATH_SEARCH_PATHS = (
					"$(inherited)",
					"@executable_path/Frameworks",
				);
				PRODUCT_BUNDLE_IDENTIFIER = jongwonleee.MemoApp;
				PRODUCT_NAME = "$(TARGET_NAME)";
				SWIFT_VERSION = 5.0;
				TARGETED_DEVICE_FAMILY = "1,2";
			};
			name = Release;
		};
		C1E4985A2590704500840AD7 /* Debug */ = {
			isa = XCBuildConfiguration;
			baseConfigurationReference = 08F5628B80B21F7E2FDE9465 /* Pods-MemoAppTests.debug.xcconfig */;
			buildSettings = {
				ALWAYS_EMBED_SWIFT_STANDARD_LIBRARIES = YES;
				BUNDLE_LOADER = "$(TEST_HOST)";
				CODE_SIGN_STYLE = Automatic;
				INFOPLIST_FILE = MemoAppTests/Info.plist;
				IPHONEOS_DEPLOYMENT_TARGET = 14.2;
				LD_RUNPATH_SEARCH_PATHS = (
					"$(inherited)",
					"@executable_path/Frameworks",
					"@loader_path/Frameworks",
				);
				PRODUCT_BUNDLE_IDENTIFIER = jongwonleee.MemoAppTests;
				PRODUCT_NAME = "$(TARGET_NAME)";
				SWIFT_VERSION = 5.0;
				TARGETED_DEVICE_FAMILY = "1,2";
				TEST_HOST = "$(BUILT_PRODUCTS_DIR)/MemoApp.app/MemoApp";
			};
			name = Debug;
		};
		C1E4985B2590704500840AD7 /* Release */ = {
			isa = XCBuildConfiguration;
			baseConfigurationReference = 58AFBFFF330889F42A07113C /* Pods-MemoAppTests.release.xcconfig */;
			buildSettings = {
				ALWAYS_EMBED_SWIFT_STANDARD_LIBRARIES = YES;
				BUNDLE_LOADER = "$(TEST_HOST)";
				CODE_SIGN_STYLE = Automatic;
				INFOPLIST_FILE = MemoAppTests/Info.plist;
				IPHONEOS_DEPLOYMENT_TARGET = 14.2;
				LD_RUNPATH_SEARCH_PATHS = (
					"$(inherited)",
					"@executable_path/Frameworks",
					"@loader_path/Frameworks",
				);
				PRODUCT_BUNDLE_IDENTIFIER = jongwonleee.MemoAppTests;
				PRODUCT_NAME = "$(TARGET_NAME)";
				SWIFT_VERSION = 5.0;
				TARGETED_DEVICE_FAMILY = "1,2";
				TEST_HOST = "$(BUILT_PRODUCTS_DIR)/MemoApp.app/MemoApp";
			};
			name = Release;
		};
		C1E4985D2590704500840AD7 /* Debug */ = {
			isa = XCBuildConfiguration;
			baseConfigurationReference = 21170965B60931B0AD07E93A /* Pods-MemoApp-MemoAppUITests.debug.xcconfig */;
			buildSettings = {
				ALWAYS_EMBED_SWIFT_STANDARD_LIBRARIES = YES;
				CODE_SIGN_STYLE = Automatic;
				INFOPLIST_FILE = MemoAppUITests/Info.plist;
				LD_RUNPATH_SEARCH_PATHS = (
					"$(inherited)",
					"@executable_path/Frameworks",
					"@loader_path/Frameworks",
				);
				PRODUCT_BUNDLE_IDENTIFIER = jongwonleee.MemoAppUITests;
				PRODUCT_NAME = "$(TARGET_NAME)";
				SWIFT_VERSION = 5.0;
				TARGETED_DEVICE_FAMILY = "1,2";
				TEST_TARGET_NAME = MemoApp;
			};
			name = Debug;
		};
		C1E4985E2590704500840AD7 /* Release */ = {
			isa = XCBuildConfiguration;
			baseConfigurationReference = 93B299080E58C8BD3B62DA6B /* Pods-MemoApp-MemoAppUITests.release.xcconfig */;
			buildSettings = {
				ALWAYS_EMBED_SWIFT_STANDARD_LIBRARIES = YES;
				CODE_SIGN_STYLE = Automatic;
				INFOPLIST_FILE = MemoAppUITests/Info.plist;
				LD_RUNPATH_SEARCH_PATHS = (
					"$(inherited)",
					"@executable_path/Frameworks",
					"@loader_path/Frameworks",
				);
				PRODUCT_BUNDLE_IDENTIFIER = jongwonleee.MemoAppUITests;
				PRODUCT_NAME = "$(TARGET_NAME)";
				SWIFT_VERSION = 5.0;
				TARGETED_DEVICE_FAMILY = "1,2";
				TEST_TARGET_NAME = MemoApp;
			};
			name = Release;
		};
/* End XCBuildConfiguration section */

/* Begin XCConfigurationList section */
		C1E498272590703B00840AD7 /* Build configuration list for PBXProject "MemoApp" */ = {
			isa = XCConfigurationList;
			buildConfigurations = (
				C1E498542590704500840AD7 /* Debug */,
				C1E498552590704500840AD7 /* Release */,
			);
			defaultConfigurationIsVisible = 0;
			defaultConfigurationName = Release;
		};
		C1E498562590704500840AD7 /* Build configuration list for PBXNativeTarget "MemoApp" */ = {
			isa = XCConfigurationList;
			buildConfigurations = (
				C1E498572590704500840AD7 /* Debug */,
				C1E498582590704500840AD7 /* Release */,
			);
			defaultConfigurationIsVisible = 0;
			defaultConfigurationName = Release;
		};
		C1E498592590704500840AD7 /* Build configuration list for PBXNativeTarget "MemoAppTests" */ = {
			isa = XCConfigurationList;
			buildConfigurations = (
				C1E4985A2590704500840AD7 /* Debug */,
				C1E4985B2590704500840AD7 /* Release */,
			);
			defaultConfigurationIsVisible = 0;
			defaultConfigurationName = Release;
		};
		C1E4985C2590704500840AD7 /* Build configuration list for PBXNativeTarget "MemoAppUITests" */ = {
			isa = XCConfigurationList;
			buildConfigurations = (
				C1E4985D2590704500840AD7 /* Debug */,
				C1E4985E2590704500840AD7 /* Release */,
			);
			defaultConfigurationIsVisible = 0;
			defaultConfigurationName = Release;
		};
/* End XCConfigurationList section */
	};
	rootObject = C1E498242590703B00840AD7 /* Project object */;
}
